
Microsoft Visual Studio Solution File, Format Version 12.00
# Visual Studio Version 17
VisualStudioVersion = 17.1.32328.378
MinimumVisualStudioVersion = 10.0.40219.1
Project("{9A19103F-16F7-4668-BE54-9A1E7A4F7556}") = "SimplePipeline", "src\SimplePipeline\SimplePipeline.csproj", "{03058CE2-0500-4CA4-8190-7A5A0787264C}"
EndProject
Project("{FAE04EC0-301F-11D3-BF4B-00C04F79EFBC}") = "SimplePipeline.Tests", "tests\SimplePipeline.Tests\SimplePipeline.Tests.csproj", "{CE6651F6-A83E-4B79-9DA2-E896B82CAD2E}"
EndProject
Global
	GlobalSection(SolutionConfigurationPlatforms) = preSolution
		Debug|Any CPU = Debug|Any CPU
		Release|Any CPU = Release|Any CPU
	EndGlobalSection
	GlobalSection(ProjectConfigurationPlatforms) = postSolution
		{03058CE2-0500-4CA4-8190-7A5A0787264C}.Debug|Any CPU.ActiveCfg = Debug|Any CPU
		{03058CE2-0500-4CA4-8190-7A5A0787264C}.Debug|Any CPU.Build.0 = Debug|Any CPU
		{03058CE2-0500-4CA4-8190-7A5A0787264C}.Release|Any CPU.ActiveCfg = Release|Any CPU
		{03058CE2-0500-4CA4-8190-7A5A0787264C}.Release|Any CPU.Build.0 = Release|Any CPU
		{CE6651F6-A83E-4B79-9DA2-E896B82CAD2E}.Debug|Any CPU.ActiveCfg = Debug|Any CPU
		{CE6651F6-A83E-4B79-9DA2-E896B82CAD2E}.Debug|Any CPU.Build.0 = Debug|Any CPU
		{CE6651F6-A83E-4B79-9DA2-E896B82CAD2E}.Release|Any CPU.ActiveCfg = Release|Any CPU
		{CE6651F6-A83E-4B79-9DA2-E896B82CAD2E}.Release|Any CPU.Build.0 = Release|Any CPU
	EndGlobalSection
	GlobalSection(SolutionProperties) = preSolution
		HideSolutionNode = FALSE
	EndGlobalSection
	GlobalSection(ExtensibilityGlobals) = postSolution
		SolutionGuid = {2A815F97-9E72-464C-B6EB-90955C552E21}
	EndGlobalSection
EndGlobal
